// !$*UTF8*$!
{
	archiveVersion = 1;
	classes = {
	};
	objectVersion = 55;
	objects = {

/* Begin PBXBuildFile section */
		ACBD84E1280830B300264431 /* ACEasyDate.docc in Sources */ = {isa = PBXBuildFile; fileRef = ACBD84E0280830B300264431 /* ACEasyDate.docc */; };
		ACBD84E7280830B400264431 /* ACEasyDate.framework in Frameworks */ = {isa = PBXBuildFile; fileRef = ACBD84DC280830B300264431 /* ACEasyDate.framework */; };
		ACBD84EC280830B400264431 /* ACEasyDateTests.swift in Sources */ = {isa = PBXBuildFile; fileRef = ACBD84EB280830B400264431 /* ACEasyDateTests.swift */; };
		ACBD84ED280830B400264431 /* ACEasyDate.h in Headers */ = {isa = PBXBuildFile; fileRef = ACBD84DF280830B300264431 /* ACEasyDate.h */; settings = {ATTRIBUTES = (Public, ); }; };
		ACBD84F7280830DC00264431 /* ACEasyDate.swift in Sources */ = {isa = PBXBuildFile; fileRef = ACBD84F6280830DC00264431 /* ACEasyDate.swift */; };
/* End PBXBuildFile section */

/* Begin PBXContainerItemProxy section */
		ACBD84E8280830B400264431 /* PBXContainerItemProxy */ = {
			isa = PBXContainerItemProxy;
			containerPortal = ACBD84D3280830B300264431 /* Project object */;
			proxyType = 1;
			remoteGlobalIDString = ACBD84DB280830B300264431;
			remoteInfo = ACEasyDate;
		};
/* End PBXContainerItemProxy section */

/* Begin PBXFileReference section */
		ACBD84DC280830B300264431 /* ACEasyDate.framework */ = {isa = PBXFileReference; explicitFileType = wrapper.framework; includeInIndex = 0; path = ACEasyDate.framework; sourceTree = BUILT_PRODUCTS_DIR; };
		ACBD84DF280830B300264431 /* ACEasyDate.h */ = {isa = PBXFileReference; lastKnownFileType = sourcecode.c.h; path = ACEasyDate.h; sourceTree = "<group>"; };
		ACBD84E0280830B300264431 /* ACEasyDate.docc */ = {isa = PBXFileReference; lastKnownFileType = folder.documentationcatalog; path = ACEasyDate.docc; sourceTree = "<group>"; };
		ACBD84E6280830B400264431 /* ACEasyDateTests.xctest */ = {isa = PBXFileReference; explicitFileType = wrapper.cfbundle; includeInIndex = 0; path = ACEasyDateTests.xctest; sourceTree = BUILT_PRODUCTS_DIR; };
		ACBD84EB280830B400264431 /* ACEasyDateTests.swift */ = {isa = PBXFileReference; lastKnownFileType = sourcecode.swift; path = ACEasyDateTests.swift; sourceTree = "<group>"; };
		ACBD84F6280830DC00264431 /* ACEasyDate.swift */ = {isa = PBXFileReference; lastKnownFileType = sourcecode.swift; path = ACEasyDate.swift; sourceTree = "<group>"; };
/* End PBXFileReference section */

/* Begin PBXFrameworksBuildPhase section */
		ACBD84D9280830B300264431 /* Frameworks */ = {
			isa = PBXFrameworksBuildPhase;
			buildActionMask = 2147483647;
			files = (
			);
			runOnlyForDeploymentPostprocessing = 0;
		};
		ACBD84E3280830B400264431 /* Frameworks */ = {
			isa = PBXFrameworksBuildPhase;
			buildActionMask = 2147483647;
			files = (
				ACBD84E7280830B400264431 /* ACEasyDate.framework in Frameworks */,
			);
			runOnlyForDeploymentPostprocessing = 0;
		};
/* End PBXFrameworksBuildPhase section */

/* Begin PBXGroup section */
		ACBD84D2280830B300264431 = {
			isa = PBXGroup;
			children = (
				ACBD84DE280830B300264431 /* ACEasyDate */,
				ACBD84EA280830B400264431 /* ACEasyDateTests */,
				ACBD84DD280830B300264431 /* Products */,
			);
			sourceTree = "<group>";
		};
		ACBD84DD280830B300264431 /* Products */ = {
			isa = PBXGroup;
			children = (
				ACBD84DC280830B300264431 /* ACEasyDate.framework */,
				ACBD84E6280830B400264431 /* ACEasyDateTests.xctest */,
			);
			name = Products;
			sourceTree = "<group>";
		};
		ACBD84DE280830B300264431 /* ACEasyDate */ = {
			isa = PBXGroup;
			children = (
				ACBD84DF280830B300264431 /* ACEasyDate.h */,
				ACBD84E0280830B300264431 /* ACEasyDate.docc */,
				ACBD84F6280830DC00264431 /* ACEasyDate.swift */,
			);
			path = ACEasyDate;
			sourceTree = "<group>";
		};
		ACBD84EA280830B400264431 /* ACEasyDateTests */ = {
			isa = PBXGroup;
			children = (
				ACBD84EB280830B400264431 /* ACEasyDateTests.swift */,
			);
			path = ACEasyDateTests;
			sourceTree = "<group>";
		};
/* End PBXGroup section */

/* Begin PBXHeadersBuildPhase section */
		ACBD84D7280830B300264431 /* Headers */ = {
			isa = PBXHeadersBuildPhase;
			buildActionMask = 2147483647;
			files = (
				ACBD84ED280830B400264431 /* ACEasyDate.h in Headers */,
			);
			runOnlyForDeploymentPostprocessing = 0;
		};
/* End PBXHeadersBuildPhase section */

/* Begin PBXNativeTarget section */
		ACBD84DB280830B300264431 /* ACEasyDate */ = {
			isa = PBXNativeTarget;
			buildConfigurationList = ACBD84F0280830B400264431 /* Build configuration list for PBXNativeTarget "ACEasyDate" */;
			buildPhases = (
				ACBD84D7280830B300264431 /* Headers */,
				ACBD84D8280830B300264431 /* Sources */,
				ACBD84D9280830B300264431 /* Frameworks */,
				ACBD84DA280830B300264431 /* Resources */,
			);
			buildRules = (
			);
			dependencies = (
			);
			name = ACEasyDate;
			productName = ACEasyDate;
			productReference = ACBD84DC280830B300264431 /* ACEasyDate.framework */;
			productType = "com.apple.product-type.framework";
		};
		ACBD84E5280830B400264431 /* ACEasyDateTests */ = {
			isa = PBXNativeTarget;
			buildConfigurationList = ACBD84F3280830B400264431 /* Build configuration list for PBXNativeTarget "ACEasyDateTests" */;
			buildPhases = (
				ACBD84E2280830B400264431 /* Sources */,
				ACBD84E3280830B400264431 /* Frameworks */,
				ACBD84E4280830B400264431 /* Resources */,
			);
			buildRules = (
			);
			dependencies = (
				ACBD84E9280830B400264431 /* PBXTargetDependency */,
			);
			name = ACEasyDateTests;
			productName = ACEasyDateTests;
			productReference = ACBD84E6280830B400264431 /* ACEasyDateTests.xctest */;
			productType = "com.apple.product-type.bundle.unit-test";
		};
/* End PBXNativeTarget section */

/* Begin PBXProject section */
		ACBD84D3280830B300264431 /* Project object */ = {
			isa = PBXProject;
			attributes = {
				BuildIndependentTargetsInParallel = 1;
				LastSwiftUpdateCheck = 1330;
				LastUpgradeCheck = 1330;
				TargetAttributes = {
					ACBD84DB280830B300264431 = {
						CreatedOnToolsVersion = 13.3;
					};
					ACBD84E5280830B400264431 = {
						CreatedOnToolsVersion = 13.3;
					};
				};
			};
			buildConfigurationList = ACBD84D6280830B300264431 /* Build configuration list for PBXProject "ACEasyDate" */;
			compatibilityVersion = "Xcode 13.0";
			developmentRegion = en;
			hasScannedForEncodings = 0;
			knownRegions = (
				en,
				Base,
			);
			mainGroup = ACBD84D2280830B300264431;
			productRefGroup = ACBD84DD280830B300264431 /* Products */;
			projectDirPath = "";
			projectRoot = "";
			targets = (
				ACBD84DB280830B300264431 /* ACEasyDate */,
				ACBD84E5280830B400264431 /* ACEasyDateTests */,
			);
		};
/* End PBXProject section */

/* Begin PBXResourcesBuildPhase section */
		ACBD84DA280830B300264431 /* Resources */ = {
			isa = PBXResourcesBuildPhase;
			buildActionMask = 2147483647;
			files = (
			);
			runOnlyForDeploymentPostprocessing = 0;
		};
		ACBD84E4280830B400264431 /* Resources */ = {
			isa = PBXResourcesBuildPhase;
			buildActionMask = 2147483647;
			files = (
			);
			runOnlyForDeploymentPostprocessing = 0;
		};
/* End PBXResourcesBuildPhase section */

/* Begin PBXSourcesBuildPhase section */
		ACBD84D8280830B300264431 /* Sources */ = {
			isa = PBXSourcesBuildPhase;
			buildActionMask = 2147483647;
			files = (
				ACBD84E1280830B300264431 /* ACEasyDate.docc in Sources */,
				ACBD84F7280830DC00264431 /* ACEasyDate.swift in Sources */,
			);
			runOnlyForDeploymentPostprocessing = 0;
		};
		ACBD84E2280830B400264431 /* Sources */ = {
			isa = PBXSourcesBuildPhase;
			buildActionMask = 2147483647;
			files = (
				ACBD84EC280830B400264431 /* ACEasyDateTests.swift in Sources */,
			);
			runOnlyForDeploymentPostprocessing = 0;
		};
/* End PBXSourcesBuildPhase section */

/* Begin PBXTargetDependency section */
		ACBD84E9280830B400264431 /* PBXTargetDependency */ = {
			isa = PBXTargetDependency;
			target = ACBD84DB280830B300264431 /* ACEasyDate */;
			targetProxy = ACBD84E8280830B400264431 /* PBXContainerItemProxy */;
		};
/* End PBXTargetDependency section */

/* Begin XCBuildConfiguration section */
		ACBD84EE280830B400264431 /* Debug */ = {
			isa = XCBuildConfiguration;
			buildSettings = {
				ALWAYS_SEARCH_USER_PATHS = NO;
				CLANG_ANALYZER_NONNULL = YES;
				CLANG_ANALYZER_NUMBER_OBJECT_CONVERSION = YES_AGGRESSIVE;
				CLANG_CXX_LANGUAGE_STANDARD = "gnu++17";
				CLANG_ENABLE_MODULES = YES;
				CLANG_ENABLE_OBJC_ARC = YES;
				CLANG_ENABLE_OBJC_WEAK = YES;
				CLANG_WARN_BLOCK_CAPTURE_AUTORELEASING = YES;
				CLANG_WARN_BOOL_CONVERSION = YES;
				CLANG_WARN_COMMA = YES;
				CLANG_WARN_CONSTANT_CONVERSION = YES;
				CLANG_WARN_DEPRECATED_OBJC_IMPLEMENTATIONS = YES;
				CLANG_WARN_DIRECT_OBJC_ISA_USAGE = YES_ERROR;
				CLANG_WARN_DOCUMENTATION_COMMENTS = YES;
				CLANG_WARN_EMPTY_BODY = YES;
				CLANG_WARN_ENUM_CONVERSION = YES;
				CLANG_WARN_INFINITE_RECURSION = YES;
				CLANG_WARN_INT_CONVERSION = YES;
				CLANG_WARN_NON_LITERAL_NULL_CONVERSION = YES;
				CLANG_WARN_OBJC_IMPLICIT_RETAIN_SELF = YES;
				CLANG_WARN_OBJC_LITERAL_CONVERSION = YES;
				CLANG_WARN_OBJC_ROOT_CLASS = YES_ERROR;
				CLANG_WARN_QUOTED_INCLUDE_IN_FRAMEWORK_HEADER = YES;
				CLANG_WARN_RANGE_LOOP_ANALYSIS = YES;
				CLANG_WARN_STRICT_PROTOTYPES = YES;
				CLANG_WARN_SUSPICIOUS_MOVE = YES;
				CLANG_WARN_UNGUARDED_AVAILABILITY = YES_AGGRESSIVE;
				CLANG_WARN_UNREACHABLE_CODE = YES;
				CLANG_WARN__DUPLICATE_METHOD_MATCH = YES;
				COPY_PHASE_STRIP = NO;
				CURRENT_PROJECT_VERSION = 1;
				DEBUG_INFORMATION_FORMAT = dwarf;
				ENABLE_STRICT_OBJC_MSGSEND = YES;
				ENABLE_TESTABILITY = YES;
				GCC_C_LANGUAGE_STANDARD = gnu11;
				GCC_DYNAMIC_NO_PIC = NO;
				GCC_NO_COMMON_BLOCKS = YES;
				GCC_OPTIMIZATION_LEVEL = 0;
				GCC_PREPROCESSOR_DEFINITIONS = (
					"DEBUG=1",
					"$(inherited)",
				);
				GCC_WARN_64_TO_32_BIT_CONVERSION = YES;
				GCC_WARN_ABOUT_RETURN_TYPE = YES_ERROR;
				GCC_WARN_UNDECLARED_SELECTOR = YES;
				GCC_WARN_UNINITIALIZED_AUTOS = YES_AGGRESSIVE;
				GCC_WARN_UNUSED_FUNCTION = YES;
				GCC_WARN_UNUSED_VARIABLE = YES;
				IPHONEOS_DEPLOYMENT_TARGET = 15.4;
				MTL_ENABLE_DEBUG_INFO = INCLUDE_SOURCE;
				MTL_FAST_MATH = YES;
				ONLY_ACTIVE_ARCH = YES;
				SDKROOT = iphoneos;
				SWIFT_ACTIVE_COMPILATION_CONDITIONS = DEBUG;
				SWIFT_OPTIMIZATION_LEVEL = "-Onone";
				VERSIONING_SYSTEM = "apple-generic";
				VERSION_INFO_PREFIX = "";
			};
			name = Debug;
		};
		ACBD84EF280830B400264431 /* Release */ = {
			isa = XCBuildConfiguration;
			buildSettings = {
				ALWAYS_SEARCH_USER_PATHS = NO;
				CLANG_ANALYZER_NONNULL = YES;
				CLANG_ANALYZER_NUMBER_OBJECT_CONVERSION = YES_AGGRESSIVE;
				CLANG_CXX_LANGUAGE_STANDARD = "gnu++17";
				CLANG_ENABLE_MODULES = YES;
				CLANG_ENABLE_OBJC_ARC = YES;
				CLANG_ENABLE_OBJC_WEAK = YES;
				CLANG_WARN_BLOCK_CAPTURE_AUTORELEASING = YES;
				CLANG_WARN_BOOL_CONVERSION = YES;
				CLANG_WARN_COMMA = YES;
				CLANG_WARN_CONSTANT_CONVERSION = YES;
				CLANG_WARN_DEPRECATED_OBJC_IMPLEMENTATIONS = YES;
				CLANG_WARN_DIRECT_OBJC_ISA_USAGE = YES_ERROR;
				CLANG_WARN_DOCUMENTATION_COMMENTS = YES;
				CLANG_WARN_EMPTY_BODY = YES;
				CLANG_WARN_ENUM_CONVERSION = YES;
				CLANG_WARN_INFINITE_RECURSION = YES;
				CLANG_WARN_INT_CONVERSION = YES;
				CLANG_WARN_NON_LITERAL_NULL_CONVERSION = YES;
				CLANG_WARN_OBJC_IMPLICIT_RETAIN_SELF = YES;
				CLANG_WARN_OBJC_LITERAL_CONVERSION = YES;
				CLANG_WARN_OBJC_ROOT_CLASS = YES_ERROR;
				CLANG_WARN_QUOTED_INCLUDE_IN_FRAMEWORK_HEADER = YES;
				CLANG_WARN_RANGE_LOOP_ANALYSIS = YES;
				CLANG_WARN_STRICT_PROTOTYPES = YES;
				CLANG_WARN_SUSPICIOUS_MOVE = YES;
				CLANG_WARN_UNGUARDED_AVAILABILITY = YES_AGGRESSIVE;
				CLANG_WARN_UNREACHABLE_CODE = YES;
				CLANG_WARN__DUPLICATE_METHOD_MATCH = YES;
				COPY_PHASE_STRIP = NO;
				CURRENT_PROJECT_VERSION = 1;
				DEBUG_INFORMATION_FORMAT = "dwarf-with-dsym";
				ENABLE_NS_ASSERTIONS = NO;
				ENABLE_STRICT_OBJC_MSGSEND = YES;
				GCC_C_LANGUAGE_STANDARD = gnu11;
				GCC_NO_COMMON_BLOCKS = YES;
				GCC_WARN_64_TO_32_BIT_CONVERSION = YES;
				GCC_WARN_ABOUT_RETURN_TYPE = YES_ERROR;
				GCC_WARN_UNDECLARED_SELECTOR = YES;
				GCC_WARN_UNINITIALIZED_AUTOS = YES_AGGRESSIVE;
				GCC_WARN_UNUSED_FUNCTION = YES;
				GCC_WARN_UNUSED_VARIABLE = YES;
				IPHONEOS_DEPLOYMENT_TARGET = 15.4;
				MTL_ENABLE_DEBUG_INFO = NO;
				MTL_FAST_MATH = YES;
				SDKROOT = iphoneos;
				SWIFT_COMPILATION_MODE = wholemodule;
				SWIFT_OPTIMIZATION_LEVEL = "-O";
				VALIDATE_PRODUCT = YES;
				VERSIONING_SYSTEM = "apple-generic";
				VERSION_INFO_PREFIX = "";
			};
			name = Release;
		};
		ACBD84F1280830B400264431 /* Debug */ = {
			isa = XCBuildConfiguration;
			buildSettings = {
				CODE_SIGN_STYLE = Automatic;
				CURRENT_PROJECT_VERSION = 1;
				DEFINES_MODULE = YES;
				DEVELOPMENT_TEAM = 3J9FBX28X7;
				DYLIB_COMPATIBILITY_VERSION = 1;
				DYLIB_CURRENT_VERSION = 1;
				DYLIB_INSTALL_NAME_BASE = "@rpath";
				GENERATE_INFOPLIST_FILE = YES;
				INFOPLIST_KEY_NSHumanReadableCopyright = "";
				INSTALL_PATH = "$(LOCAL_LIBRARY_DIR)/Frameworks";
				LD_RUNPATH_SEARCH_PATHS = (
					"$(inherited)",
					"@executable_path/Frameworks",
					"@loader_path/Frameworks",
				);
				MARKETING_VERSION = 1.0;
				PRODUCT_BUNDLE_IDENTIFIER = com.app.ACEasyDate;
				PRODUCT_NAME = "$(TARGET_NAME:c99extidentifier)";
				SKIP_INSTALL = YES;
				SWIFT_EMIT_LOC_STRINGS = YES;
				SWIFT_VERSION = 5.0;
				TARGETED_DEVICE_FAMILY = "1,2";
			};
			name = Debug;
		};
		ACBD84F2280830B400264431 /* Release */ = {
			isa = XCBuildConfiguration;
			buildSettings = {
				CODE_SIGN_STYLE = Automatic;
				CURRENT_PROJECT_VERSION = 1;
				DEFINES_MODULE = YES;
				DEVELOPMENT_TEAM = 3J9FBX28X7;
				DYLIB_COMPATIBILITY_VERSION = 1;
				DYLIB_CURRENT_VERSION = 1;
				DYLIB_INSTALL_NAME_BASE = "@rpath";
				GENERATE_INFOPLIST_FILE = YES;
				INFOPLIST_KEY_NSHumanReadableCopyright = "";
				INSTALL_PATH = "$(LOCAL_LIBRARY_DIR)/Frameworks";
				LD_RUNPATH_SEARCH_PATHS = (
					"$(inherited)",
					"@executable_path/Frameworks",
					"@loader_path/Frameworks",
				);
				MARKETING_VERSION = 1.0;
				PRODUCT_BUNDLE_IDENTIFIER = com.app.ACEasyDate;
				PRODUCT_NAME = "$(TARGET_NAME:c99extidentifier)";
				SKIP_INSTALL = YES;
				SWIFT_EMIT_LOC_STRINGS = YES;
				SWIFT_VERSION = 5.0;
				TARGETED_DEVICE_FAMILY = "1,2";
			};
			name = Release;
		};
		ACBD84F4280830B400264431 /* Debug */ = {
			isa = XCBuildConfiguration;
			buildSettings = {
				ALWAYS_EMBED_SWIFT_STANDARD_LIBRARIES = YES;
				CODE_SIGN_STYLE = Automatic;
				CURRENT_PROJECT_VERSION = 1;
				DEVELOPMENT_TEAM = 3J9FBX28X7;
				GENERATE_INFOPLIST_FILE = YES;
				MARKETING_VERSION = 1.0;
				PRODUCT_BUNDLE_IDENTIFIER = com.app.ACEasyDateTests;
				PRODUCT_NAME = "$(TARGET_NAME)";
				SWIFT_EMIT_LOC_STRINGS = NO;
				SWIFT_VERSION = 5.0;
				TARGETED_DEVICE_FAMILY = "1,2";
			};
			name = Debug;
		};
		ACBD84F5280830B400264431 /* Release */ = {
			isa = XCBuildConfiguration;
			buildSettings = {
				ALWAYS_EMBED_SWIFT_STANDARD_LIBRARIES = YES;
				CODE_SIGN_STYLE = Automatic;
				CURRENT_PROJECT_VERSION = 1;
				DEVELOPMENT_TEAM = 3J9FBX28X7;
				GENERATE_INFOPLIST_FILE = YES;
				MARKETING_VERSION = 1.0;
				PRODUCT_BUNDLE_IDENTIFIER = com.app.ACEasyDateTests;
				PRODUCT_NAME = "$(TARGET_NAME)";
				SWIFT_EMIT_LOC_STRINGS = NO;
				SWIFT_VERSION = 5.0;
				TARGETED_DEVICE_FAMILY = "1,2";
			};
			name = Release;
		};
/* End XCBuildConfiguration section */

/* Begin XCConfigurationList section */
		ACBD84D6280830B300264431 /* Build configuration list for PBXProject "ACEasyDate" */ = {
			isa = XCConfigurationList;
			buildConfigurations = (
				ACBD84EE280830B400264431 /* Debug */,
				ACBD84EF280830B400264431 /* Release */,
			);
			defaultConfigurationIsVisible = 0;
			defaultConfigurationName = Release;
		};
		ACBD84F0280830B400264431 /* Build configuration list for PBXNativeTarget "ACEasyDate" */ = {
			isa = XCConfigurationList;
			buildConfigurations = (
				ACBD84F1280830B400264431 /* Debug */,
				ACBD84F2280830B400264431 /* Release */,
			);
			defaultConfigurationIsVisible = 0;
			defaultConfigurationName = Release;
		};
		ACBD84F3280830B400264431 /* Build configuration list for PBXNativeTarget "ACEasyDateTests" */ = {
			isa = XCConfigurationList;
			buildConfigurations = (
				ACBD84F4280830B400264431 /* Debug */,
				ACBD84F5280830B400264431 /* Release */,
			);
			defaultConfigurationIsVisible = 0;
			defaultConfigurationName = Release;
		};
/* End XCConfigurationList section */
	};
	rootObject = ACBD84D3280830B300264431 /* Project object */;
}
